
Microsoft Visual Studio Solution File, Format Version 12.00
# Visual Studio Version 17
VisualStudioVersion = 17.5.002.0
MinimumVisualStudioVersion = 10.0.40219.1
Project("{9A19103F-16F7-4668-BE54-9A1E7A4F7556}") = "AdventOfCode2022", "AdventOfCode2022.csproj", "{F95CE100-5B76-4473-9D75-841233F0341F}"
EndProject
Global
	GlobalSection(SolutionConfigurationPlatforms) = preSolution
		Debug|Any CPU = Debug|Any CPU
		Release|Any CPU = Release|Any CPU
	EndGlobalSection
	GlobalSection(ProjectConfigurationPlatforms) = postSolution
		{F95CE100-5B76-4473-9D75-841233F0341F}.Debug|Any CPU.ActiveCfg = Debug|Any CPU
		{F95CE100-5B76-4473-9D75-841233F0341F}.Debug|Any CPU.Build.0 = Debug|Any CPU
		{F95CE100-5B76-4473-9D75-841233F0341F}.Release|Any CPU.ActiveCfg = Release|Any CPU
		{F95CE100-5B76-4473-9D75-841233F0341F}.Release|Any CPU.Build.0 = Release|Any CPU
	EndGlobalSection
	GlobalSection(SolutionProperties) = preSolution
		HideSolutionNode = FALSE
	EndGlobalSection
	GlobalSection(ExtensibilityGlobals) = postSolution
		SolutionGuid = {972DA866-6C0E-42AE-B865-A5DA472A742F}
	EndGlobalSection
EndGlobal
